// !$*UTF8*$!
{
	archiveVersion = 1;
	classes = {
	};
	objectVersion = 56;
	objects = {

/* Begin PBXBuildFile section */
		8532A3A62B23CA7500734224 /* AppDelegate.swift in Sources */ = {isa = PBXBuildFile; fileRef = 8532A3A52B23CA7500734224 /* AppDelegate.swift */; };
		8532A3A82B23CA7500734224 /* SceneDelegate.swift in Sources */ = {isa = PBXBuildFile; fileRef = 8532A3A72B23CA7500734224 /* SceneDelegate.swift */; };
		8532A3AA2B23CA7500734224 /* RegistrationViewController.swift in Sources */ = {isa = PBXBuildFile; fileRef = 8532A3A92B23CA7500734224 /* RegistrationViewController.swift */; };
		8532A3AD2B23CA7500734224 /* Main.storyboard in Resources */ = {isa = PBXBuildFile; fileRef = 8532A3AB2B23CA7500734224 /* Main.storyboard */; };
		8532A3AF2B23CA7600734224 /* Assets.xcassets in Resources */ = {isa = PBXBuildFile; fileRef = 8532A3AE2B23CA7600734224 /* Assets.xcassets */; };
		8532A3B22B23CA7600734224 /* LaunchScreen.storyboard in Resources */ = {isa = PBXBuildFile; fileRef = 8532A3B02B23CA7600734224 /* LaunchScreen.storyboard */; };
		8532A3BD2B23CA7600734224 /* ShiftLabTests.swift in Sources */ = {isa = PBXBuildFile; fileRef = 8532A3BC2B23CA7600734224 /* ShiftLabTests.swift */; };
		8532A3C72B23CA7600734224 /* ShiftLabUITests.swift in Sources */ = {isa = PBXBuildFile; fileRef = 8532A3C62B23CA7600734224 /* ShiftLabUITests.swift */; };
		8532A3C92B23CA7600734224 /* ShiftLabUITestsLaunchTests.swift in Sources */ = {isa = PBXBuildFile; fileRef = 8532A3C82B23CA7600734224 /* ShiftLabUITestsLaunchTests.swift */; };
		8532A3DA2B23CAC300734224 /* RegistrationViewModel.swift in Sources */ = {isa = PBXBuildFile; fileRef = 8532A3D92B23CAC300734224 /* RegistrationViewModel.swift */; };
		8532A3DC2B23CAC800734224 /* UserData.swift in Sources */ = {isa = PBXBuildFile; fileRef = 8532A3DB2B23CAC800734224 /* UserData.swift */; };
		8532A3DF2B23CAD600734224 /* Dynamic.swift in Sources */ = {isa = PBXBuildFile; fileRef = 8532A3DE2B23CAD600734224 /* Dynamic.swift */; };
		85EF88C32B25114200E03CA2 /* UserDataStore.swift in Sources */ = {isa = PBXBuildFile; fileRef = 85EF88C22B25114200E03CA2 /* UserDataStore.swift */; };
		85EF88C82B2518E000E03CA2 /* ContestViewController.swift in Sources */ = {isa = PBXBuildFile; fileRef = 85EF88C72B2518E000E03CA2 /* ContestViewController.swift */; };
		85EF88CB2B2519E400E03CA2 /* UIComponentFactory.swift in Sources */ = {isa = PBXBuildFile; fileRef = 85EF88CA2B2519E400E03CA2 /* UIComponentFactory.swift */; };
/* End PBXBuildFile section */

/* Begin PBXContainerItemProxy section */
		8532A3B92B23CA7600734224 /* PBXContainerItemProxy */ = {
			isa = PBXContainerItemProxy;
			containerPortal = 8532A39A2B23CA7500734224 /* Project object */;
			proxyType = 1;
			remoteGlobalIDString = 8532A3A12B23CA7500734224;
			remoteInfo = ShiftLab;
		};
		8532A3C32B23CA7600734224 /* PBXContainerItemProxy */ = {
			isa = PBXContainerItemProxy;
			containerPortal = 8532A39A2B23CA7500734224 /* Project object */;
			proxyType = 1;
			remoteGlobalIDString = 8532A3A12B23CA7500734224;
			remoteInfo = ShiftLab;
		};
/* End PBXContainerItemProxy section */

/* Begin PBXFileReference section */
		8532A3A22B23CA7500734224 /* ShiftLab.app */ = {isa = PBXFileReference; explicitFileType = wrapper.application; includeInIndex = 0; path = ShiftLab.app; sourceTree = BUILT_PRODUCTS_DIR; };
		8532A3A52B23CA7500734224 /* AppDelegate.swift */ = {isa = PBXFileReference; lastKnownFileType = sourcecode.swift; path = AppDelegate.swift; sourceTree = "<group>"; };
		8532A3A72B23CA7500734224 /* SceneDelegate.swift */ = {isa = PBXFileReference; lastKnownFileType = sourcecode.swift; path = SceneDelegate.swift; sourceTree = "<group>"; };
		8532A3A92B23CA7500734224 /* RegistrationViewController.swift */ = {isa = PBXFileReference; lastKnownFileType = sourcecode.swift; path = RegistrationViewController.swift; sourceTree = "<group>"; };
		8532A3AC2B23CA7500734224 /* Base */ = {isa = PBXFileReference; lastKnownFileType = file.storyboard; name = Base; path = Base.lproj/Main.storyboard; sourceTree = "<group>"; };
		8532A3AE2B23CA7600734224 /* Assets.xcassets */ = {isa = PBXFileReference; lastKnownFileType = folder.assetcatalog; path = Assets.xcassets; sourceTree = "<group>"; };
		8532A3B12B23CA7600734224 /* Base */ = {isa = PBXFileReference; lastKnownFileType = file.storyboard; name = Base; path = Base.lproj/LaunchScreen.storyboard; sourceTree = "<group>"; };
		8532A3B32B23CA7600734224 /* Info.plist */ = {isa = PBXFileReference; lastKnownFileType = text.plist.xml; path = Info.plist; sourceTree = "<group>"; };
		8532A3B82B23CA7600734224 /* ShiftLabTests.xctest */ = {isa = PBXFileReference; explicitFileType = wrapper.cfbundle; includeInIndex = 0; path = ShiftLabTests.xctest; sourceTree = BUILT_PRODUCTS_DIR; };
		8532A3BC2B23CA7600734224 /* ShiftLabTests.swift */ = {isa = PBXFileReference; lastKnownFileType = sourcecode.swift; path = ShiftLabTests.swift; sourceTree = "<group>"; };
		8532A3C22B23CA7600734224 /* ShiftLabUITests.xctest */ = {isa = PBXFileReference; explicitFileType = wrapper.cfbundle; includeInIndex = 0; path = ShiftLabUITests.xctest; sourceTree = BUILT_PRODUCTS_DIR; };
		8532A3C62B23CA7600734224 /* ShiftLabUITests.swift */ = {isa = PBXFileReference; lastKnownFileType = sourcecode.swift; path = ShiftLabUITests.swift; sourceTree = "<group>"; };
		8532A3C82B23CA7600734224 /* ShiftLabUITestsLaunchTests.swift */ = {isa = PBXFileReference; lastKnownFileType = sourcecode.swift; path = ShiftLabUITestsLaunchTests.swift; sourceTree = "<group>"; };
		8532A3D92B23CAC300734224 /* RegistrationViewModel.swift */ = {isa = PBXFileReference; lastKnownFileType = sourcecode.swift; path = RegistrationViewModel.swift; sourceTree = "<group>"; };
		8532A3DB2B23CAC800734224 /* UserData.swift */ = {isa = PBXFileReference; lastKnownFileType = sourcecode.swift; path = UserData.swift; sourceTree = "<group>"; };
		8532A3DE2B23CAD600734224 /* Dynamic.swift */ = {isa = PBXFileReference; lastKnownFileType = sourcecode.swift; path = Dynamic.swift; sourceTree = "<group>"; };
		85EF88C22B25114200E03CA2 /* UserDataStore.swift */ = {isa = PBXFileReference; lastKnownFileType = sourcecode.swift; path = UserDataStore.swift; sourceTree = "<group>"; };
		85EF88C72B2518E000E03CA2 /* ContestViewController.swift */ = {isa = PBXFileReference; lastKnownFileType = sourcecode.swift; path = ContestViewController.swift; sourceTree = "<group>"; };
		85EF88CA2B2519E400E03CA2 /* UIComponentFactory.swift */ = {isa = PBXFileReference; lastKnownFileType = sourcecode.swift; path = UIComponentFactory.swift; sourceTree = "<group>"; };
/* End PBXFileReference section */

/* Begin PBXFrameworksBuildPhase section */
		8532A39F2B23CA7500734224 /* Frameworks */ = {
			isa = PBXFrameworksBuildPhase;
			buildActionMask = 2147483647;
			files = (
			);
			runOnlyForDeploymentPostprocessing = 0;
		};
		8532A3B52B23CA7600734224 /* Frameworks */ = {
			isa = PBXFrameworksBuildPhase;
			buildActionMask = 2147483647;
			files = (
			);
			runOnlyForDeploymentPostprocessing = 0;
		};
		8532A3BF2B23CA7600734224 /* Frameworks */ = {
			isa = PBXFrameworksBuildPhase;
			buildActionMask = 2147483647;
			files = (
			);
			runOnlyForDeploymentPostprocessing = 0;
		};
/* End PBXFrameworksBuildPhase section */

/* Begin PBXGroup section */
		8532A3992B23CA7500734224 = {
			isa = PBXGroup;
			children = (
				8532A3A42B23CA7500734224 /* ShiftLab */,
				8532A3BB2B23CA7600734224 /* ShiftLabTests */,
				8532A3C52B23CA7600734224 /* ShiftLabUITests */,
				8532A3A32B23CA7500734224 /* Products */,
			);
			sourceTree = "<group>";
		};
		8532A3A32B23CA7500734224 /* Products */ = {
			isa = PBXGroup;
			children = (
				8532A3A22B23CA7500734224 /* ShiftLab.app */,
				8532A3B82B23CA7600734224 /* ShiftLabTests.xctest */,
				8532A3C22B23CA7600734224 /* ShiftLabUITests.xctest */,
			);
			name = Products;
			sourceTree = "<group>";
		};
		8532A3A42B23CA7500734224 /* ShiftLab */ = {
			isa = PBXGroup;
			children = (
				85EF88C92B2519CF00E03CA2 /* Factories */,
				85EF88C62B2514FB00E03CA2 /* SupportingFiles */,
				85EF88C52B2514E000E03CA2 /* App */,
				85EF88C42B25147800E03CA2 /* DataLayer */,
				8532A3D72B23CA9B00734224 /* Views */,
				8532A3D62B23CA9400734224 /* ViewModels */,
				8532A3D52B23CA8E00734224 /* Models */,
				8532A3B32B23CA7600734224 /* Info.plist */,
			);
			path = ShiftLab;
			sourceTree = "<group>";
		};
		8532A3BB2B23CA7600734224 /* ShiftLabTests */ = {
			isa = PBXGroup;
			children = (
				8532A3BC2B23CA7600734224 /* ShiftLabTests.swift */,
			);
			path = ShiftLabTests;
			sourceTree = "<group>";
		};
		8532A3C52B23CA7600734224 /* ShiftLabUITests */ = {
			isa = PBXGroup;
			children = (
				8532A3C62B23CA7600734224 /* ShiftLabUITests.swift */,
				8532A3C82B23CA7600734224 /* ShiftLabUITestsLaunchTests.swift */,
			);
			path = ShiftLabUITests;
			sourceTree = "<group>";
		};
		8532A3D52B23CA8E00734224 /* Models */ = {
			isa = PBXGroup;
			children = (
				8532A3DB2B23CAC800734224 /* UserData.swift */,
			);
			path = Models;
			sourceTree = "<group>";
		};
		8532A3D62B23CA9400734224 /* ViewModels */ = {
			isa = PBXGroup;
			children = (
				8532A3D92B23CAC300734224 /* RegistrationViewModel.swift */,
				8532A3DD2B23CACD00734224 /* Bindings */,
			);
			path = ViewModels;
			sourceTree = "<group>";
		};
		8532A3D72B23CA9B00734224 /* Views */ = {
			isa = PBXGroup;
			children = (
				8532A3A92B23CA7500734224 /* RegistrationViewController.swift */,
				85EF88C72B2518E000E03CA2 /* ContestViewController.swift */,
				8532A3D82B23CAA100734224 /* Storyboards */,
			);
			path = Views;
			sourceTree = "<group>";
		};
		8532A3D82B23CAA100734224 /* Storyboards */ = {
			isa = PBXGroup;
			children = (
				8532A3AB2B23CA7500734224 /* Main.storyboard */,
				8532A3B02B23CA7600734224 /* LaunchScreen.storyboard */,
			);
			path = Storyboards;
			sourceTree = "<group>";
		};
		8532A3DD2B23CACD00734224 /* Bindings */ = {
			isa = PBXGroup;
			children = (
				8532A3DE2B23CAD600734224 /* Dynamic.swift */,
			);
			path = Bindings;
			sourceTree = "<group>";
		};
		85EF88C42B25147800E03CA2 /* DataLayer */ = {
			isa = PBXGroup;
			children = (
				85EF88C22B25114200E03CA2 /* UserDataStore.swift */,
			);
			path = DataLayer;
			sourceTree = "<group>";
		};
		85EF88C52B2514E000E03CA2 /* App */ = {
			isa = PBXGroup;
			children = (
				8532A3A52B23CA7500734224 /* AppDelegate.swift */,
				8532A3A72B23CA7500734224 /* SceneDelegate.swift */,
			);
			path = App;
			sourceTree = "<group>";
		};
		85EF88C62B2514FB00E03CA2 /* SupportingFiles */ = {
			isa = PBXGroup;
			children = (
				8532A3AE2B23CA7600734224 /* Assets.xcassets */,
			);
			path = SupportingFiles;
			sourceTree = "<group>";
		};
		85EF88C92B2519CF00E03CA2 /* Factories */ = {
			isa = PBXGroup;
			children = (
				85EF88CA2B2519E400E03CA2 /* UIComponentFactory.swift */,
			);
			path = Factories;
			sourceTree = "<group>";
		};
/* End PBXGroup section */

/* Begin PBXNativeTarget section */
		8532A3A12B23CA7500734224 /* ShiftLab */ = {
			isa = PBXNativeTarget;
			buildConfigurationList = 8532A3CC2B23CA7600734224 /* Build configuration list for PBXNativeTarget "ShiftLab" */;
			buildPhases = (
				8532A39E2B23CA7500734224 /* Sources */,
				8532A39F2B23CA7500734224 /* Frameworks */,
				8532A3A02B23CA7500734224 /* Resources */,
			);
			buildRules = (
			);
			dependencies = (
			);
			name = ShiftLab;
			productName = ShiftLab;
			productReference = 8532A3A22B23CA7500734224 /* ShiftLab.app */;
			productType = "com.apple.product-type.application";
		};
		8532A3B72B23CA7600734224 /* ShiftLabTests */ = {
			isa = PBXNativeTarget;
			buildConfigurationList = 8532A3CF2B23CA7600734224 /* Build configuration list for PBXNativeTarget "ShiftLabTests" */;
			buildPhases = (
				8532A3B42B23CA7600734224 /* Sources */,
				8532A3B52B23CA7600734224 /* Frameworks */,
				8532A3B62B23CA7600734224 /* Resources */,
			);
			buildRules = (
			);
			dependencies = (
				8532A3BA2B23CA7600734224 /* PBXTargetDependency */,
			);
			name = ShiftLabTests;
			productName = ShiftLabTests;
			productReference = 8532A3B82B23CA7600734224 /* ShiftLabTests.xctest */;
			productType = "com.apple.product-type.bundle.unit-test";
		};
		8532A3C12B23CA7600734224 /* ShiftLabUITests */ = {
			isa = PBXNativeTarget;
			buildConfigurationList = 8532A3D22B23CA7600734224 /* Build configuration list for PBXNativeTarget "ShiftLabUITests" */;
			buildPhases = (
				8532A3BE2B23CA7600734224 /* Sources */,
				8532A3BF2B23CA7600734224 /* Frameworks */,
				8532A3C02B23CA7600734224 /* Resources */,
			);
			buildRules = (
			);
			dependencies = (
				8532A3C42B23CA7600734224 /* PBXTargetDependency */,
			);
			name = ShiftLabUITests;
			productName = ShiftLabUITests;
			productReference = 8532A3C22B23CA7600734224 /* ShiftLabUITests.xctest */;
			productType = "com.apple.product-type.bundle.ui-testing";
		};
/* End PBXNativeTarget section */

/* Begin PBXProject section */
		8532A39A2B23CA7500734224 /* Project object */ = {
			isa = PBXProject;
			attributes = {
				BuildIndependentTargetsInParallel = 1;
				LastSwiftUpdateCheck = 1500;
				LastUpgradeCheck = 1500;
				TargetAttributes = {
					8532A3A12B23CA7500734224 = {
						CreatedOnToolsVersion = 15.0.1;
					};
					8532A3B72B23CA7600734224 = {
						CreatedOnToolsVersion = 15.0.1;
						TestTargetID = 8532A3A12B23CA7500734224;
					};
					8532A3C12B23CA7600734224 = {
						CreatedOnToolsVersion = 15.0.1;
						TestTargetID = 8532A3A12B23CA7500734224;
					};
				};
			};
			buildConfigurationList = 8532A39D2B23CA7500734224 /* Build configuration list for PBXProject "ShiftLab" */;
			compatibilityVersion = "Xcode 14.0";
			developmentRegion = en;
			hasScannedForEncodings = 0;
			knownRegions = (
				en,
				Base,
			);
			mainGroup = 8532A3992B23CA7500734224;
			productRefGroup = 8532A3A32B23CA7500734224 /* Products */;
			projectDirPath = "";
			projectRoot = "";
			targets = (
				8532A3A12B23CA7500734224 /* ShiftLab */,
				8532A3B72B23CA7600734224 /* ShiftLabTests */,
				8532A3C12B23CA7600734224 /* ShiftLabUITests */,
			);
		};
/* End PBXProject section */

/* Begin PBXResourcesBuildPhase section */
		8532A3A02B23CA7500734224 /* Resources */ = {
			isa = PBXResourcesBuildPhase;
			buildActionMask = 2147483647;
			files = (
				8532A3B22B23CA7600734224 /* LaunchScreen.storyboard in Resources */,
				8532A3AF2B23CA7600734224 /* Assets.xcassets in Resources */,
				8532A3AD2B23CA7500734224 /* Main.storyboard in Resources */,
			);
			runOnlyForDeploymentPostprocessing = 0;
		};
		8532A3B62B23CA7600734224 /* Resources */ = {
			isa = PBXResourcesBuildPhase;
			buildActionMask = 2147483647;
			files = (
			);
			runOnlyForDeploymentPostprocessing = 0;
		};
		8532A3C02B23CA7600734224 /* Resources */ = {
			isa = PBXResourcesBuildPhase;
			buildActionMask = 2147483647;
			files = (
			);
			runOnlyForDeploymentPostprocessing = 0;
		};
/* End PBXResourcesBuildPhase section */

/* Begin PBXSourcesBuildPhase section */
		8532A39E2B23CA7500734224 /* Sources */ = {
			isa = PBXSourcesBuildPhase;
			buildActionMask = 2147483647;
			files = (
				8532A3AA2B23CA7500734224 /* RegistrationViewController.swift in Sources */,
				8532A3DA2B23CAC300734224 /* RegistrationViewModel.swift in Sources */,
				8532A3A62B23CA7500734224 /* AppDelegate.swift in Sources */,
				8532A3DF2B23CAD600734224 /* Dynamic.swift in Sources */,
				8532A3DC2B23CAC800734224 /* UserData.swift in Sources */,
				85EF88C82B2518E000E03CA2 /* ContestViewController.swift in Sources */,
				85EF88C32B25114200E03CA2 /* UserDataStore.swift in Sources */,
				85EF88CB2B2519E400E03CA2 /* UIComponentFactory.swift in Sources */,
				8532A3A82B23CA7500734224 /* SceneDelegate.swift in Sources */,
			);
			runOnlyForDeploymentPostprocessing = 0;
		};
		8532A3B42B23CA7600734224 /* Sources */ = {
			isa = PBXSourcesBuildPhase;
			buildActionMask = 2147483647;
			files = (
				8532A3BD2B23CA7600734224 /* ShiftLabTests.swift in Sources */,
			);
			runOnlyForDeploymentPostprocessing = 0;
		};
		8532A3BE2B23CA7600734224 /* Sources */ = {
			isa = PBXSourcesBuildPhase;
			buildActionMask = 2147483647;
			files = (
				8532A3C92B23CA7600734224 /* ShiftLabUITestsLaunchTests.swift in Sources */,
				8532A3C72B23CA7600734224 /* ShiftLabUITests.swift in Sources */,
			);
			runOnlyForDeploymentPostprocessing = 0;
		};
/* End PBXSourcesBuildPhase section */

/* Begin PBXTargetDependency section */
		8532A3BA2B23CA7600734224 /* PBXTargetDependency */ = {
			isa = PBXTargetDependency;
			target = 8532A3A12B23CA7500734224 /* ShiftLab */;
			targetProxy = 8532A3B92B23CA7600734224 /* PBXContainerItemProxy */;
		};
		8532A3C42B23CA7600734224 /* PBXTargetDependency */ = {
			isa = PBXTargetDependency;
			target = 8532A3A12B23CA7500734224 /* ShiftLab */;
			targetProxy = 8532A3C32B23CA7600734224 /* PBXContainerItemProxy */;
		};
/* End PBXTargetDependency section */

/* Begin PBXVariantGroup section */
		8532A3AB2B23CA7500734224 /* Main.storyboard */ = {
			isa = PBXVariantGroup;
			children = (
				8532A3AC2B23CA7500734224 /* Base */,
			);
			name = Main.storyboard;
			sourceTree = "<group>";
		};
		8532A3B02B23CA7600734224 /* LaunchScreen.storyboard */ = {
			isa = PBXVariantGroup;
			children = (
				8532A3B12B23CA7600734224 /* Base */,
			);
			name = LaunchScreen.storyboard;
			sourceTree = "<group>";
		};
/* End PBXVariantGroup section */

/* Begin XCBuildConfiguration section */
		8532A3CA2B23CA7600734224 /* Debug */ = {
			isa = XCBuildConfiguration;
			buildSettings = {
				ALWAYS_SEARCH_USER_PATHS = NO;
				ASSETCATALOG_COMPILER_GENERATE_SWIFT_ASSET_SYMBOL_EXTENSIONS = YES;
				CLANG_ANALYZER_NONNULL = YES;
				CLANG_ANALYZER_NUMBER_OBJECT_CONVERSION = YES_AGGRESSIVE;
				CLANG_CXX_LANGUAGE_STANDARD = "gnu++20";
				CLANG_ENABLE_MODULES = YES;
				CLANG_ENABLE_OBJC_ARC = YES;
				CLANG_ENABLE_OBJC_WEAK = YES;
				CLANG_WARN_BLOCK_CAPTURE_AUTORELEASING = YES;
				CLANG_WARN_BOOL_CONVERSION = YES;
				CLANG_WARN_COMMA = YES;
				CLANG_WARN_CONSTANT_CONVERSION = YES;
				CLANG_WARN_DEPRECATED_OBJC_IMPLEMENTATIONS = YES;
				CLANG_WARN_DIRECT_OBJC_ISA_USAGE = YES_ERROR;
				CLANG_WARN_DOCUMENTATION_COMMENTS = YES;
				CLANG_WARN_EMPTY_BODY = YES;
				CLANG_WARN_ENUM_CONVERSION = YES;
				CLANG_WARN_INFINITE_RECURSION = YES;
				CLANG_WARN_INT_CONVERSION = YES;
				CLANG_WARN_NON_LITERAL_NULL_CONVERSION = YES;
				CLANG_WARN_OBJC_IMPLICIT_RETAIN_SELF = YES;
				CLANG_WARN_OBJC_LITERAL_CONVERSION = YES;
				CLANG_WARN_OBJC_ROOT_CLASS = YES_ERROR;
				CLANG_WARN_QUOTED_INCLUDE_IN_FRAMEWORK_HEADER = YES;
				CLANG_WARN_RANGE_LOOP_ANALYSIS = YES;
				CLANG_WARN_STRICT_PROTOTYPES = YES;
				CLANG_WARN_SUSPICIOUS_MOVE = YES;
				CLANG_WARN_UNGUARDED_AVAILABILITY = YES_AGGRESSIVE;
				CLANG_WARN_UNREACHABLE_CODE = YES;
				CLANG_WARN__DUPLICATE_METHOD_MATCH = YES;
				COPY_PHASE_STRIP = NO;
				DEBUG_INFORMATION_FORMAT = dwarf;
				ENABLE_STRICT_OBJC_MSGSEND = YES;
				ENABLE_TESTABILITY = YES;
				ENABLE_USER_SCRIPT_SANDBOXING = YES;
				GCC_C_LANGUAGE_STANDARD = gnu17;
				GCC_DYNAMIC_NO_PIC = NO;
				GCC_NO_COMMON_BLOCKS = YES;
				GCC_OPTIMIZATION_LEVEL = 0;
				GCC_PREPROCESSOR_DEFINITIONS = (
					"DEBUG=1",
					"$(inherited)",
				);
				GCC_WARN_64_TO_32_BIT_CONVERSION = YES;
				GCC_WARN_ABOUT_RETURN_TYPE = YES_ERROR;
				GCC_WARN_UNDECLARED_SELECTOR = YES;
				GCC_WARN_UNINITIALIZED_AUTOS = YES_AGGRESSIVE;
				GCC_WARN_UNUSED_FUNCTION = YES;
				GCC_WARN_UNUSED_VARIABLE = YES;
				IPHONEOS_DEPLOYMENT_TARGET = 17.0;
				LOCALIZATION_PREFERS_STRING_CATALOGS = YES;
				MTL_ENABLE_DEBUG_INFO = INCLUDE_SOURCE;
				MTL_FAST_MATH = YES;
				ONLY_ACTIVE_ARCH = YES;
				SDKROOT = iphoneos;
				SWIFT_ACTIVE_COMPILATION_CONDITIONS = "DEBUG $(inherited)";
				SWIFT_OPTIMIZATION_LEVEL = "-Onone";
			};
			name = Debug;
		};
		8532A3CB2B23CA7600734224 /* Release */ = {
			isa = XCBuildConfiguration;
			buildSettings = {
				ALWAYS_SEARCH_USER_PATHS = NO;
				ASSETCATALOG_COMPILER_GENERATE_SWIFT_ASSET_SYMBOL_EXTENSIONS = YES;
				CLANG_ANALYZER_NONNULL = YES;
				CLANG_ANALYZER_NUMBER_OBJECT_CONVERSION = YES_AGGRESSIVE;
				CLANG_CXX_LANGUAGE_STANDARD = "gnu++20";
				CLANG_ENABLE_MODULES = YES;
				CLANG_ENABLE_OBJC_ARC = YES;
				CLANG_ENABLE_OBJC_WEAK = YES;
				CLANG_WARN_BLOCK_CAPTURE_AUTORELEASING = YES;
				CLANG_WARN_BOOL_CONVERSION = YES;
				CLANG_WARN_COMMA = YES;
				CLANG_WARN_CONSTANT_CONVERSION = YES;
				CLANG_WARN_DEPRECATED_OBJC_IMPLEMENTATIONS = YES;
				CLANG_WARN_DIRECT_OBJC_ISA_USAGE = YES_ERROR;
				CLANG_WARN_DOCUMENTATION_COMMENTS = YES;
				CLANG_WARN_EMPTY_BODY = YES;
				CLANG_WARN_ENUM_CONVERSION = YES;
				CLANG_WARN_INFINITE_RECURSION = YES;
				CLANG_WARN_INT_CONVERSION = YES;
				CLANG_WARN_NON_LITERAL_NULL_CONVERSION = YES;
				CLANG_WARN_OBJC_IMPLICIT_RETAIN_SELF = YES;
				CLANG_WARN_OBJC_LITERAL_CONVERSION = YES;
				CLANG_WARN_OBJC_ROOT_CLASS = YES_ERROR;
				CLANG_WARN_QUOTED_INCLUDE_IN_FRAMEWORK_HEADER = YES;
				CLANG_WARN_RANGE_LOOP_ANALYSIS = YES;
				CLANG_WARN_STRICT_PROTOTYPES = YES;
				CLANG_WARN_SUSPICIOUS_MOVE = YES;
				CLANG_WARN_UNGUARDED_AVAILABILITY = YES_AGGRESSIVE;
				CLANG_WARN_UNREACHABLE_CODE = YES;
				CLANG_WARN__DUPLICATE_METHOD_MATCH = YES;
				COPY_PHASE_STRIP = NO;
				DEBUG_INFORMATION_FORMAT = "dwarf-with-dsym";
				ENABLE_NS_ASSERTIONS = NO;
				ENABLE_STRICT_OBJC_MSGSEND = YES;
				ENABLE_USER_SCRIPT_SANDBOXING = YES;
				GCC_C_LANGUAGE_STANDARD = gnu17;
				GCC_NO_COMMON_BLOCKS = YES;
				GCC_WARN_64_TO_32_BIT_CONVERSION = YES;
				GCC_WARN_ABOUT_RETURN_TYPE = YES_ERROR;
				GCC_WARN_UNDECLARED_SELECTOR = YES;
				GCC_WARN_UNINITIALIZED_AUTOS = YES_AGGRESSIVE;
				GCC_WARN_UNUSED_FUNCTION = YES;
				GCC_WARN_UNUSED_VARIABLE = YES;
				IPHONEOS_DEPLOYMENT_TARGET = 17.0;
				LOCALIZATION_PREFERS_STRING_CATALOGS = YES;
				MTL_ENABLE_DEBUG_INFO = NO;
				MTL_FAST_MATH = YES;
				SDKROOT = iphoneos;
				SWIFT_COMPILATION_MODE = wholemodule;
				VALIDATE_PRODUCT = YES;
			};
			name = Release;
		};
		8532A3CD2B23CA7600734224 /* Debug */ = {
			isa = XCBuildConfiguration;
			buildSettings = {
				ASSETCATALOG_COMPILER_APPICON_NAME = AppIcon;
				ASSETCATALOG_COMPILER_GLOBAL_ACCENT_COLOR_NAME = AccentColor;
				CODE_SIGN_STYLE = Automatic;
				CURRENT_PROJECT_VERSION = 1;
				DEVELOPMENT_TEAM = C96F6SJTDJ;
				GENERATE_INFOPLIST_FILE = YES;
				INFOPLIST_FILE = ShiftLab/Info.plist;
				INFOPLIST_KEY_UIApplicationSupportsIndirectInputEvents = YES;
				INFOPLIST_KEY_UILaunchStoryboardName = LaunchScreen;
				INFOPLIST_KEY_UIMainStoryboardFile = Main;
				INFOPLIST_KEY_UISupportedInterfaceOrientations_iPad = "UIInterfaceOrientationPortrait UIInterfaceOrientationPortraitUpsideDown UIInterfaceOrientationLandscapeLeft UIInterfaceOrientationLandscapeRight";
				INFOPLIST_KEY_UISupportedInterfaceOrientations_iPhone = "UIInterfaceOrientationPortrait UIInterfaceOrientationLandscapeLeft UIInterfaceOrientationLandscapeRight";
				LD_RUNPATH_SEARCH_PATHS = (
					"$(inherited)",
					"@executable_path/Frameworks",
				);
				MARKETING_VERSION = 1.0;
				PRODUCT_BUNDLE_IDENTIFIER = Dashko.ShiftLab;
				PRODUCT_NAME = "$(TARGET_NAME)";
				SWIFT_EMIT_LOC_STRINGS = YES;
				SWIFT_VERSION = 5.0;
				TARGETED_DEVICE_FAMILY = "1,2";
			};
			name = Debug;
		};
		8532A3CE2B23CA7600734224 /* Release */ = {
			isa = XCBuildConfiguration;
			buildSettings = {
				ASSETCATALOG_COMPILER_APPICON_NAME = AppIcon;
				ASSETCATALOG_COMPILER_GLOBAL_ACCENT_COLOR_NAME = AccentColor;
				CODE_SIGN_STYLE = Automatic;
				CURRENT_PROJECT_VERSION = 1;
				DEVELOPMENT_TEAM = C96F6SJTDJ;
				GENERATE_INFOPLIST_FILE = YES;
				INFOPLIST_FILE = ShiftLab/Info.plist;
				INFOPLIST_KEY_UIApplicationSupportsIndirectInputEvents = YES;
				INFOPLIST_KEY_UILaunchStoryboardName = LaunchScreen;
				INFOPLIST_KEY_UIMainStoryboardFile = Main;
				INFOPLIST_KEY_UISupportedInterfaceOrientations_iPad = "UIInterfaceOrientationPortrait UIInterfaceOrientationPortraitUpsideDown UIInterfaceOrientationLandscapeLeft UIInterfaceOrientationLandscapeRight";
				INFOPLIST_KEY_UISupportedInterfaceOrientations_iPhone = "UIInterfaceOrientationPortrait UIInterfaceOrientationLandscapeLeft UIInterfaceOrientationLandscapeRight";
				LD_RUNPATH_SEARCH_PATHS = (
					"$(inherited)",
					"@executable_path/Frameworks",
				);
				MARKETING_VERSION = 1.0;
				PRODUCT_BUNDLE_IDENTIFIER = Dashko.ShiftLab;
				PRODUCT_NAME = "$(TARGET_NAME)";
				SWIFT_EMIT_LOC_STRINGS = YES;
				SWIFT_VERSION = 5.0;
				TARGETED_DEVICE_FAMILY = "1,2";
			};
			name = Release;
		};
		8532A3D02B23CA7600734224 /* Debug */ = {
			isa = XCBuildConfiguration;
			buildSettings = {
				ALWAYS_EMBED_SWIFT_STANDARD_LIBRARIES = YES;
				BUNDLE_LOADER = "$(TEST_HOST)";
				CODE_SIGN_STYLE = Automatic;
				CURRENT_PROJECT_VERSION = 1;
				DEVELOPMENT_TEAM = C96F6SJTDJ;
				GENERATE_INFOPLIST_FILE = YES;
				IPHONEOS_DEPLOYMENT_TARGET = 17.0;
				MARKETING_VERSION = 1.0;
				PRODUCT_BUNDLE_IDENTIFIER = Dashko.ShiftLabTests;
				PRODUCT_NAME = "$(TARGET_NAME)";
				SWIFT_EMIT_LOC_STRINGS = NO;
				SWIFT_VERSION = 5.0;
				TARGETED_DEVICE_FAMILY = "1,2";
				TEST_HOST = "$(BUILT_PRODUCTS_DIR)/ShiftLab.app/$(BUNDLE_EXECUTABLE_FOLDER_PATH)/ShiftLab";
			};
			name = Debug;
		};
		8532A3D12B23CA7600734224 /* Release */ = {
			isa = XCBuildConfiguration;
			buildSettings = {
				ALWAYS_EMBED_SWIFT_STANDARD_LIBRARIES = YES;
				BUNDLE_LOADER = "$(TEST_HOST)";
				CODE_SIGN_STYLE = Automatic;
				CURRENT_PROJECT_VERSION = 1;
				DEVELOPMENT_TEAM = C96F6SJTDJ;
				GENERATE_INFOPLIST_FILE = YES;
				IPHONEOS_DEPLOYMENT_TARGET = 17.0;
				MARKETING_VERSION = 1.0;
				PRODUCT_BUNDLE_IDENTIFIER = Dashko.ShiftLabTests;
				PRODUCT_NAME = "$(TARGET_NAME)";
				SWIFT_EMIT_LOC_STRINGS = NO;
				SWIFT_VERSION = 5.0;
				TARGETED_DEVICE_FAMILY = "1,2";
				TEST_HOST = "$(BUILT_PRODUCTS_DIR)/ShiftLab.app/$(BUNDLE_EXECUTABLE_FOLDER_PATH)/ShiftLab";
			};
			name = Release;
		};
		8532A3D32B23CA7600734224 /* Debug */ = {
			isa = XCBuildConfiguration;
			buildSettings = {
				ALWAYS_EMBED_SWIFT_STANDARD_LIBRARIES = YES;
				CODE_SIGN_STYLE = Automatic;
				CURRENT_PROJECT_VERSION = 1;
				DEVELOPMENT_TEAM = C96F6SJTDJ;
				GENERATE_INFOPLIST_FILE = YES;
				MARKETING_VERSION = 1.0;
				PRODUCT_BUNDLE_IDENTIFIER = Dashko.ShiftLabUITests;
				PRODUCT_NAME = "$(TARGET_NAME)";
				SWIFT_EMIT_LOC_STRINGS = NO;
				SWIFT_VERSION = 5.0;
				TARGETED_DEVICE_FAMILY = "1,2";
				TEST_TARGET_NAME = ShiftLab;
			};
			name = Debug;
		};
		8532A3D42B23CA7600734224 /* Release */ = {
			isa = XCBuildConfiguration;
			buildSettings = {
				ALWAYS_EMBED_SWIFT_STANDARD_LIBRARIES = YES;
				CODE_SIGN_STYLE = Automatic;
				CURRENT_PROJECT_VERSION = 1;
				DEVELOPMENT_TEAM = C96F6SJTDJ;
				GENERATE_INFOPLIST_FILE = YES;
				MARKETING_VERSION = 1.0;
				PRODUCT_BUNDLE_IDENTIFIER = Dashko.ShiftLabUITests;
				PRODUCT_NAME = "$(TARGET_NAME)";
				SWIFT_EMIT_LOC_STRINGS = NO;
				SWIFT_VERSION = 5.0;
				TARGETED_DEVICE_FAMILY = "1,2";
				TEST_TARGET_NAME = ShiftLab;
			};
			name = Release;
		};
/* End XCBuildConfiguration section */

/* Begin XCConfigurationList section */
		8532A39D2B23CA7500734224 /* Build configuration list for PBXProject "ShiftLab" */ = {
			isa = XCConfigurationList;
			buildConfigurations = (
				8532A3CA2B23CA7600734224 /* Debug */,
				8532A3CB2B23CA7600734224 /* Release */,
			);
			defaultConfigurationIsVisible = 0;
			defaultConfigurationName = Release;
		};
		8532A3CC2B23CA7600734224 /* Build configuration list for PBXNativeTarget "ShiftLab" */ = {
			isa = XCConfigurationList;
			buildConfigurations = (
				8532A3CD2B23CA7600734224 /* Debug */,
				8532A3CE2B23CA7600734224 /* Release */,
			);
			defaultConfigurationIsVisible = 0;
			defaultConfigurationName = Release;
		};
		8532A3CF2B23CA7600734224 /* Build configuration list for PBXNativeTarget "ShiftLabTests" */ = {
			isa = XCConfigurationList;
			buildConfigurations = (
				8532A3D02B23CA7600734224 /* Debug */,
				8532A3D12B23CA7600734224 /* Release */,
			);
			defaultConfigurationIsVisible = 0;
			defaultConfigurationName = Release;
		};
		8532A3D22B23CA7600734224 /* Build configuration list for PBXNativeTarget "ShiftLabUITests" */ = {
			isa = XCConfigurationList;
			buildConfigurations = (
				8532A3D32B23CA7600734224 /* Debug */,
				8532A3D42B23CA7600734224 /* Release */,
			);
			defaultConfigurationIsVisible = 0;
			defaultConfigurationName = Release;
		};
/* End XCConfigurationList section */
	};
	rootObject = 8532A39A2B23CA7500734224 /* Project object */;
}
